
Microsoft Visual Studio Solution File, Format Version 12.00
# Visual Studio Version 16
VisualStudioVersion = 16.0.30320.27
MinimumVisualStudioVersion = 10.0.40219.1
Project("{FAE04EC0-301F-11D3-BF4B-00C04F79EFBC}") = "API_Practice", "API_Practice\API_Practice.csproj", "{6C63A134-0194-4644-857C-E4C8EBDFFEF2}"
EndProject
Global
	GlobalSection(SolutionConfigurationPlatforms) = preSolution
		Debug|Any CPU = Debug|Any CPU
		Release|Any CPU = Release|Any CPU
	EndGlobalSection
	GlobalSection(ProjectConfigurationPlatforms) = postSolution
		{6C63A134-0194-4644-857C-E4C8EBDFFEF2}.Debug|Any CPU.ActiveCfg = Debug|Any CPU
		{6C63A134-0194-4644-857C-E4C8EBDFFEF2}.Debug|Any CPU.Build.0 = Debug|Any CPU
		{6C63A134-0194-4644-857C-E4C8EBDFFEF2}.Release|Any CPU.ActiveCfg = Release|Any CPU
		{6C63A134-0194-4644-857C-E4C8EBDFFEF2}.Release|Any CPU.Build.0 = Release|Any CPU
	EndGlobalSection
	GlobalSection(SolutionProperties) = preSolution
		HideSolutionNode = FALSE
	EndGlobalSection
	GlobalSection(ExtensibilityGlobals) = postSolution
		SolutionGuid = {61880E14-6A72-4D7B-91EF-D841F8B105CD}
	EndGlobalSection
EndGlobal
